// !$*UTF8*$!
{
	archiveVersion = 1;
	classes = {
	};
	objectVersion = 50;
	objects = {

/* Begin PBXBuildFile section */
		8B807DE12242B86C001C1A16 /* AppDelegate.swift in Sources */ = {isa = PBXBuildFile; fileRef = 8B807DE02242B86C001C1A16 /* AppDelegate.swift */; };
		8B807DE82242B86C001C1A16 /* Main.storyboard in Resources */ = {isa = PBXBuildFile; fileRef = 8B807DE62242B86C001C1A16 /* Main.storyboard */; };
		8B807DEA2242B86E001C1A16 /* Assets.xcassets in Resources */ = {isa = PBXBuildFile; fileRef = 8B807DE92242B86E001C1A16 /* Assets.xcassets */; };
		8B807DED2242B86E001C1A16 /* LaunchScreen.storyboard in Resources */ = {isa = PBXBuildFile; fileRef = 8B807DEB2242B86E001C1A16 /* LaunchScreen.storyboard */; };
		8B807DF82242B86E001C1A16 /* RedditTestAppTests.swift in Sources */ = {isa = PBXBuildFile; fileRef = 8B807DF72242B86E001C1A16 /* RedditTestAppTests.swift */; };
		8B807E082243B606001C1A16 /* RedditDetailViewController.swift in Sources */ = {isa = PBXBuildFile; fileRef = 8B807E062243B606001C1A16 /* RedditDetailViewController.swift */; };
		8B807E092243B606001C1A16 /* RedditListViewController.swift in Sources */ = {isa = PBXBuildFile; fileRef = 8B807E072243B606001C1A16 /* RedditListViewController.swift */; };
		8B807E0B2243B6AD001C1A16 /* RedditListViewModel.swift in Sources */ = {isa = PBXBuildFile; fileRef = 8B807E0A2243B6AD001C1A16 /* RedditListViewModel.swift */; };
		8B807E0D2243B6CE001C1A16 /* RedditDetailViewModel.swift in Sources */ = {isa = PBXBuildFile; fileRef = 8B807E0C2243B6CE001C1A16 /* RedditDetailViewModel.swift */; };
		8B807E0F2243B6E7001C1A16 /* RedditApiConnector.swift in Sources */ = {isa = PBXBuildFile; fileRef = 8B807E0E2243B6E7001C1A16 /* RedditApiConnector.swift */; };
		8B807E112243B72C001C1A16 /* RedditModel.swift in Sources */ = {isa = PBXBuildFile; fileRef = 8B807E102243B72C001C1A16 /* RedditModel.swift */; };
		8B807E132243B74B001C1A16 /* RedditQueryObject.swift in Sources */ = {isa = PBXBuildFile; fileRef = 8B807E122243B74B001C1A16 /* RedditQueryObject.swift */; };
		8BBF062E2243EED000B44C8D /* RedditsContainer.swift in Sources */ = {isa = PBXBuildFile; fileRef = 8BBF062D2243EED000B44C8D /* RedditsContainer.swift */; };
		8BBF06312244F5D500B44C8D /* RedditTableViewCell.swift in Sources */ = {isa = PBXBuildFile; fileRef = 8BBF06302244F5D500B44C8D /* RedditTableViewCell.swift */; };
		8BBF06332244FA7B00B44C8D /* RedditCellViewModel.swift in Sources */ = {isa = PBXBuildFile; fileRef = 8BBF06322244FA7B00B44C8D /* RedditCellViewModel.swift */; };
/* End PBXBuildFile section */

/* Begin PBXContainerItemProxy section */
		8B807DF42242B86E001C1A16 /* PBXContainerItemProxy */ = {
			isa = PBXContainerItemProxy;
			containerPortal = 8B807DD52242B86B001C1A16 /* Project object */;
			proxyType = 1;
			remoteGlobalIDString = 8B807DDC2242B86C001C1A16;
			remoteInfo = RedditTestApp;
		};
/* End PBXContainerItemProxy section */

/* Begin PBXFileReference section */
		8B807DDD2242B86C001C1A16 /* RedditTestApp.app */ = {isa = PBXFileReference; explicitFileType = wrapper.application; includeInIndex = 0; path = RedditTestApp.app; sourceTree = BUILT_PRODUCTS_DIR; };
		8B807DE02242B86C001C1A16 /* AppDelegate.swift */ = {isa = PBXFileReference; lastKnownFileType = sourcecode.swift; path = AppDelegate.swift; sourceTree = "<group>"; };
		8B807DE72242B86C001C1A16 /* Base */ = {isa = PBXFileReference; lastKnownFileType = file.storyboard; name = Base; path = Base.lproj/Main.storyboard; sourceTree = "<group>"; };
		8B807DE92242B86E001C1A16 /* Assets.xcassets */ = {isa = PBXFileReference; lastKnownFileType = folder.assetcatalog; path = Assets.xcassets; sourceTree = "<group>"; };
		8B807DEC2242B86E001C1A16 /* Base */ = {isa = PBXFileReference; lastKnownFileType = file.storyboard; name = Base; path = Base.lproj/LaunchScreen.storyboard; sourceTree = "<group>"; };
		8B807DEE2242B86E001C1A16 /* Info.plist */ = {isa = PBXFileReference; lastKnownFileType = text.plist.xml; path = Info.plist; sourceTree = "<group>"; };
		8B807DF32242B86E001C1A16 /* RedditTestAppTests.xctest */ = {isa = PBXFileReference; explicitFileType = wrapper.cfbundle; includeInIndex = 0; path = RedditTestAppTests.xctest; sourceTree = BUILT_PRODUCTS_DIR; };
		8B807DF72242B86E001C1A16 /* RedditTestAppTests.swift */ = {isa = PBXFileReference; lastKnownFileType = sourcecode.swift; path = RedditTestAppTests.swift; sourceTree = "<group>"; };
		8B807DF92242B86E001C1A16 /* Info.plist */ = {isa = PBXFileReference; lastKnownFileType = text.plist.xml; path = Info.plist; sourceTree = "<group>"; };
		8B807E062243B606001C1A16 /* RedditDetailViewController.swift */ = {isa = PBXFileReference; fileEncoding = 4; lastKnownFileType = sourcecode.swift; path = RedditDetailViewController.swift; sourceTree = "<group>"; };
		8B807E072243B606001C1A16 /* RedditListViewController.swift */ = {isa = PBXFileReference; fileEncoding = 4; lastKnownFileType = sourcecode.swift; path = RedditListViewController.swift; sourceTree = "<group>"; };
		8B807E0A2243B6AD001C1A16 /* RedditListViewModel.swift */ = {isa = PBXFileReference; lastKnownFileType = sourcecode.swift; path = RedditListViewModel.swift; sourceTree = "<group>"; };
		8B807E0C2243B6CE001C1A16 /* RedditDetailViewModel.swift */ = {isa = PBXFileReference; lastKnownFileType = sourcecode.swift; path = RedditDetailViewModel.swift; sourceTree = "<group>"; };
		8B807E0E2243B6E7001C1A16 /* RedditApiConnector.swift */ = {isa = PBXFileReference; lastKnownFileType = sourcecode.swift; path = RedditApiConnector.swift; sourceTree = "<group>"; };
		8B807E102243B72C001C1A16 /* RedditModel.swift */ = {isa = PBXFileReference; lastKnownFileType = sourcecode.swift; path = RedditModel.swift; sourceTree = "<group>"; };
		8B807E122243B74B001C1A16 /* RedditQueryObject.swift */ = {isa = PBXFileReference; lastKnownFileType = sourcecode.swift; path = RedditQueryObject.swift; sourceTree = "<group>"; };
		8BBF062D2243EED000B44C8D /* RedditsContainer.swift */ = {isa = PBXFileReference; lastKnownFileType = sourcecode.swift; path = RedditsContainer.swift; sourceTree = "<group>"; };
		8BBF06302244F5D500B44C8D /* RedditTableViewCell.swift */ = {isa = PBXFileReference; lastKnownFileType = sourcecode.swift; path = RedditTableViewCell.swift; sourceTree = "<group>"; };
		8BBF06322244FA7B00B44C8D /* RedditCellViewModel.swift */ = {isa = PBXFileReference; lastKnownFileType = sourcecode.swift; path = RedditCellViewModel.swift; sourceTree = "<group>"; };
/* End PBXFileReference section */

/* Begin PBXFrameworksBuildPhase section */
		8B807DDA2242B86C001C1A16 /* Frameworks */ = {
			isa = PBXFrameworksBuildPhase;
			buildActionMask = 2147483647;
			files = (
			);
			runOnlyForDeploymentPostprocessing = 0;
		};
		8B807DF02242B86E001C1A16 /* Frameworks */ = {
			isa = PBXFrameworksBuildPhase;
			buildActionMask = 2147483647;
			files = (
			);
			runOnlyForDeploymentPostprocessing = 0;
		};
/* End PBXFrameworksBuildPhase section */

/* Begin PBXGroup section */
		8B807DD42242B86B001C1A16 = {
			isa = PBXGroup;
			children = (
				8B807DDF2242B86C001C1A16 /* RedditTestApp */,
				8B807DF62242B86E001C1A16 /* RedditTestAppTests */,
				8B807DDE2242B86C001C1A16 /* Products */,
			);
			sourceTree = "<group>";
		};
		8B807DDE2242B86C001C1A16 /* Products */ = {
			isa = PBXGroup;
			children = (
				8B807DDD2242B86C001C1A16 /* RedditTestApp.app */,
				8B807DF32242B86E001C1A16 /* RedditTestAppTests.xctest */,
			);
			name = Products;
			sourceTree = "<group>";
		};
		8B807DDF2242B86C001C1A16 /* RedditTestApp */ = {
			isa = PBXGroup;
			children = (
				8B807E052243B579001C1A16 /* Views */,
				8B807E042243B56C001C1A16 /* ViewModels */,
				8B807E032243B54B001C1A16 /* API */,
				8B807E022243B531001C1A16 /* Models */,
				8B807DE02242B86C001C1A16 /* AppDelegate.swift */,
				8B807DE62242B86C001C1A16 /* Main.storyboard */,
				8B807DE92242B86E001C1A16 /* Assets.xcassets */,
				8B807DEB2242B86E001C1A16 /* LaunchScreen.storyboard */,
				8B807DEE2242B86E001C1A16 /* Info.plist */,
			);
			path = RedditTestApp;
			sourceTree = "<group>";
		};
		8B807DF62242B86E001C1A16 /* RedditTestAppTests */ = {
			isa = PBXGroup;
			children = (
				8B807DF72242B86E001C1A16 /* RedditTestAppTests.swift */,
				8B807DF92242B86E001C1A16 /* Info.plist */,
			);
			path = RedditTestAppTests;
			sourceTree = "<group>";
		};
		8B807E022243B531001C1A16 /* Models */ = {
			isa = PBXGroup;
			children = (
				8B807E102243B72C001C1A16 /* RedditModel.swift */,
				8B807E122243B74B001C1A16 /* RedditQueryObject.swift */,
				8BBF062D2243EED000B44C8D /* RedditsContainer.swift */,
			);
			path = Models;
			sourceTree = "<group>";
		};
		8B807E032243B54B001C1A16 /* API */ = {
			isa = PBXGroup;
			children = (
				8B807E0E2243B6E7001C1A16 /* RedditApiConnector.swift */,
			);
			path = API;
			sourceTree = "<group>";
		};
		8B807E042243B56C001C1A16 /* ViewModels */ = {
			isa = PBXGroup;
			children = (
				8B807E0A2243B6AD001C1A16 /* RedditListViewModel.swift */,
				8B807E0C2243B6CE001C1A16 /* RedditDetailViewModel.swift */,
				8BBF06322244FA7B00B44C8D /* RedditCellViewModel.swift */,
			);
			path = ViewModels;
			sourceTree = "<group>";
		};
		8B807E052243B579001C1A16 /* Views */ = {
			isa = PBXGroup;
			children = (
				8BBF062F2244F59500B44C8D /* Views */,
				8B807E062243B606001C1A16 /* RedditDetailViewController.swift */,
				8B807E072243B606001C1A16 /* RedditListViewController.swift */,
			);
			path = Views;
			sourceTree = "<group>";
		};
		8BBF062F2244F59500B44C8D /* Views */ = {
			isa = PBXGroup;
			children = (
				8BBF06302244F5D500B44C8D /* RedditTableViewCell.swift */,
			);
			path = Views;
			sourceTree = "<group>";
		};
/* End PBXGroup section */

/* Begin PBXNativeTarget section */
		8B807DDC2242B86C001C1A16 /* RedditTestApp */ = {
			isa = PBXNativeTarget;
			buildConfigurationList = 8B807DFC2242B86E001C1A16 /* Build configuration list for PBXNativeTarget "RedditTestApp" */;
			buildPhases = (
				8B807DD92242B86C001C1A16 /* Sources */,
				8B807DDA2242B86C001C1A16 /* Frameworks */,
				8B807DDB2242B86C001C1A16 /* Resources */,
			);
			buildRules = (
			);
			dependencies = (
			);
			name = RedditTestApp;
			productName = RedditTestApp;
			productReference = 8B807DDD2242B86C001C1A16 /* RedditTestApp.app */;
			productType = "com.apple.product-type.application";
		};
		8B807DF22242B86E001C1A16 /* RedditTestAppTests */ = {
			isa = PBXNativeTarget;
			buildConfigurationList = 8B807DFF2242B86E001C1A16 /* Build configuration list for PBXNativeTarget "RedditTestAppTests" */;
			buildPhases = (
				8B807DEF2242B86E001C1A16 /* Sources */,
				8B807DF02242B86E001C1A16 /* Frameworks */,
				8B807DF12242B86E001C1A16 /* Resources */,
			);
			buildRules = (
			);
			dependencies = (
				8B807DF52242B86E001C1A16 /* PBXTargetDependency */,
			);
			name = RedditTestAppTests;
			productName = RedditTestAppTests;
			productReference = 8B807DF32242B86E001C1A16 /* RedditTestAppTests.xctest */;
			productType = "com.apple.product-type.bundle.unit-test";
		};
/* End PBXNativeTarget section */

/* Begin PBXProject section */
		8B807DD52242B86B001C1A16 /* Project object */ = {
			isa = PBXProject;
			attributes = {
				LastSwiftUpdateCheck = 1010;
				LastUpgradeCheck = 1010;
				ORGANIZATIONNAME = "Damian Modernell";
				TargetAttributes = {
					8B807DDC2242B86C001C1A16 = {
						CreatedOnToolsVersion = 10.1;
					};
					8B807DF22242B86E001C1A16 = {
						CreatedOnToolsVersion = 10.1;
						TestTargetID = 8B807DDC2242B86C001C1A16;
					};
				};
			};
			buildConfigurationList = 8B807DD82242B86C001C1A16 /* Build configuration list for PBXProject "RedditTestApp" */;
			compatibilityVersion = "Xcode 9.3";
			developmentRegion = en;
			hasScannedForEncodings = 0;
			knownRegions = (
				en,
				Base,
			);
			mainGroup = 8B807DD42242B86B001C1A16;
			productRefGroup = 8B807DDE2242B86C001C1A16 /* Products */;
			projectDirPath = "";
			projectRoot = "";
			targets = (
				8B807DDC2242B86C001C1A16 /* RedditTestApp */,
				8B807DF22242B86E001C1A16 /* RedditTestAppTests */,
			);
		};
/* End PBXProject section */

/* Begin PBXResourcesBuildPhase section */
		8B807DDB2242B86C001C1A16 /* Resources */ = {
			isa = PBXResourcesBuildPhase;
			buildActionMask = 2147483647;
			files = (
				8B807DED2242B86E001C1A16 /* LaunchScreen.storyboard in Resources */,
				8B807DEA2242B86E001C1A16 /* Assets.xcassets in Resources */,
				8B807DE82242B86C001C1A16 /* Main.storyboard in Resources */,
			);
			runOnlyForDeploymentPostprocessing = 0;
		};
		8B807DF12242B86E001C1A16 /* Resources */ = {
			isa = PBXResourcesBuildPhase;
			buildActionMask = 2147483647;
			files = (
			);
			runOnlyForDeploymentPostprocessing = 0;
		};
/* End PBXResourcesBuildPhase section */

/* Begin PBXSourcesBuildPhase section */
		8B807DD92242B86C001C1A16 /* Sources */ = {
			isa = PBXSourcesBuildPhase;
			buildActionMask = 2147483647;
			files = (
				8B807E0F2243B6E7001C1A16 /* RedditApiConnector.swift in Sources */,
				8B807E0B2243B6AD001C1A16 /* RedditListViewModel.swift in Sources */,
				8B807E0D2243B6CE001C1A16 /* RedditDetailViewModel.swift in Sources */,
				8BBF06312244F5D500B44C8D /* RedditTableViewCell.swift in Sources */,
				8B807E132243B74B001C1A16 /* RedditQueryObject.swift in Sources */,
				8B807DE12242B86C001C1A16 /* AppDelegate.swift in Sources */,
				8B807E112243B72C001C1A16 /* RedditModel.swift in Sources */,
				8BBF06332244FA7B00B44C8D /* RedditCellViewModel.swift in Sources */,
				8BBF062E2243EED000B44C8D /* RedditsContainer.swift in Sources */,
				8B807E082243B606001C1A16 /* RedditDetailViewController.swift in Sources */,
				8B807E092243B606001C1A16 /* RedditListViewController.swift in Sources */,
			);
			runOnlyForDeploymentPostprocessing = 0;
		};
		8B807DEF2242B86E001C1A16 /* Sources */ = {
			isa = PBXSourcesBuildPhase;
			buildActionMask = 2147483647;
			files = (
				8B807DF82242B86E001C1A16 /* RedditTestAppTests.swift in Sources */,
			);
			runOnlyForDeploymentPostprocessing = 0;
		};
/* End PBXSourcesBuildPhase section */

/* Begin PBXTargetDependency section */
		8B807DF52242B86E001C1A16 /* PBXTargetDependency */ = {
			isa = PBXTargetDependency;
			target = 8B807DDC2242B86C001C1A16 /* RedditTestApp */;
			targetProxy = 8B807DF42242B86E001C1A16 /* PBXContainerItemProxy */;
		};
/* End PBXTargetDependency section */

/* Begin PBXVariantGroup section */
		8B807DE62242B86C001C1A16 /* Main.storyboard */ = {
			isa = PBXVariantGroup;
			children = (
				8B807DE72242B86C001C1A16 /* Base */,
			);
			name = Main.storyboard;
			sourceTree = "<group>";
		};
		8B807DEB2242B86E001C1A16 /* LaunchScreen.storyboard */ = {
			isa = PBXVariantGroup;
			children = (
				8B807DEC2242B86E001C1A16 /* Base */,
			);
			name = LaunchScreen.storyboard;
			sourceTree = "<group>";
		};
/* End PBXVariantGroup section */

/* Begin XCBuildConfiguration section */
		8B807DFA2242B86E001C1A16 /* Debug */ = {
			isa = XCBuildConfiguration;
			buildSettings = {
				ALWAYS_SEARCH_USER_PATHS = NO;
				CLANG_ANALYZER_NONNULL = YES;
				CLANG_ANALYZER_NUMBER_OBJECT_CONVERSION = YES_AGGRESSIVE;
				CLANG_CXX_LANGUAGE_STANDARD = "gnu++14";
				CLANG_CXX_LIBRARY = "libc++";
				CLANG_ENABLE_MODULES = YES;
				CLANG_ENABLE_OBJC_ARC = YES;
				CLANG_ENABLE_OBJC_WEAK = YES;
				CLANG_WARN_BLOCK_CAPTURE_AUTORELEASING = YES;
				CLANG_WARN_BOOL_CONVERSION = YES;
				CLANG_WARN_COMMA = YES;
				CLANG_WARN_CONSTANT_CONVERSION = YES;
				CLANG_WARN_DEPRECATED_OBJC_IMPLEMENTATIONS = YES;
				CLANG_WARN_DIRECT_OBJC_ISA_USAGE = YES_ERROR;
				CLANG_WARN_DOCUMENTATION_COMMENTS = YES;
				CLANG_WARN_EMPTY_BODY = YES;
				CLANG_WARN_ENUM_CONVERSION = YES;
				CLANG_WARN_INFINITE_RECURSION = YES;
				CLANG_WARN_INT_CONVERSION = YES;
				CLANG_WARN_NON_LITERAL_NULL_CONVERSION = YES;
				CLANG_WARN_OBJC_IMPLICIT_RETAIN_SELF = YES;
				CLANG_WARN_OBJC_LITERAL_CONVERSION = YES;
				CLANG_WARN_OBJC_ROOT_CLASS = YES_ERROR;
				CLANG_WARN_RANGE_LOOP_ANALYSIS = YES;
				CLANG_WARN_STRICT_PROTOTYPES = YES;
				CLANG_WARN_SUSPICIOUS_MOVE = YES;
				CLANG_WARN_UNGUARDED_AVAILABILITY = YES_AGGRESSIVE;
				CLANG_WARN_UNREACHABLE_CODE = YES;
				CLANG_WARN__DUPLICATE_METHOD_MATCH = YES;
				CODE_SIGN_IDENTITY = "iPhone Developer";
				COPY_PHASE_STRIP = NO;
				DEBUG_INFORMATION_FORMAT = dwarf;
				ENABLE_STRICT_OBJC_MSGSEND = YES;
				ENABLE_TESTABILITY = YES;
				GCC_C_LANGUAGE_STANDARD = gnu11;
				GCC_DYNAMIC_NO_PIC = NO;
				GCC_NO_COMMON_BLOCKS = YES;
				GCC_OPTIMIZATION_LEVEL = 0;
				GCC_PREPROCESSOR_DEFINITIONS = (
					"DEBUG=1",
					"$(inherited)",
				);
				GCC_WARN_64_TO_32_BIT_CONVERSION = YES;
				GCC_WARN_ABOUT_RETURN_TYPE = YES_ERROR;
				GCC_WARN_UNDECLARED_SELECTOR = YES;
				GCC_WARN_UNINITIALIZED_AUTOS = YES_AGGRESSIVE;
				GCC_WARN_UNUSED_FUNCTION = YES;
				GCC_WARN_UNUSED_VARIABLE = YES;
				IPHONEOS_DEPLOYMENT_TARGET = 12.1;
				MTL_ENABLE_DEBUG_INFO = INCLUDE_SOURCE;
				MTL_FAST_MATH = YES;
				ONLY_ACTIVE_ARCH = YES;
				SDKROOT = iphoneos;
				SWIFT_ACTIVE_COMPILATION_CONDITIONS = DEBUG;
				SWIFT_OPTIMIZATION_LEVEL = "-Onone";
			};
			name = Debug;
		};
		8B807DFB2242B86E001C1A16 /* Release */ = {
			isa = XCBuildConfiguration;
			buildSettings = {
				ALWAYS_SEARCH_USER_PATHS = NO;
				CLANG_ANALYZER_NONNULL = YES;
				CLANG_ANALYZER_NUMBER_OBJECT_CONVERSION = YES_AGGRESSIVE;
				CLANG_CXX_LANGUAGE_STANDARD = "gnu++14";
				CLANG_CXX_LIBRARY = "libc++";
				CLANG_ENABLE_MODULES = YES;
				CLANG_ENABLE_OBJC_ARC = YES;
				CLANG_ENABLE_OBJC_WEAK = YES;
				CLANG_WARN_BLOCK_CAPTURE_AUTORELEASING = YES;
				CLANG_WARN_BOOL_CONVERSION = YES;
				CLANG_WARN_COMMA = YES;
				CLANG_WARN_CONSTANT_CONVERSION = YES;
				CLANG_WARN_DEPRECATED_OBJC_IMPLEMENTATIONS = YES;
				CLANG_WARN_DIRECT_OBJC_ISA_USAGE = YES_ERROR;
				CLANG_WARN_DOCUMENTATION_COMMENTS = YES;
				CLANG_WARN_EMPTY_BODY = YES;
				CLANG_WARN_ENUM_CONVERSION = YES;
				CLANG_WARN_INFINITE_RECURSION = YES;
				CLANG_WARN_INT_CONVERSION = YES;
				CLANG_WARN_NON_LITERAL_NULL_CONVERSION = YES;
				CLANG_WARN_OBJC_IMPLICIT_RETAIN_SELF = YES;
				CLANG_WARN_OBJC_LITERAL_CONVERSION = YES;
				CLANG_WARN_OBJC_ROOT_CLASS = YES_ERROR;
				CLANG_WARN_RANGE_LOOP_ANALYSIS = YES;
				CLANG_WARN_STRICT_PROTOTYPES = YES;
				CLANG_WARN_SUSPICIOUS_MOVE = YES;
				CLANG_WARN_UNGUARDED_AVAILABILITY = YES_AGGRESSIVE;
				CLANG_WARN_UNREACHABLE_CODE = YES;
				CLANG_WARN__DUPLICATE_METHOD_MATCH = YES;
				CODE_SIGN_IDENTITY = "iPhone Developer";
				COPY_PHASE_STRIP = NO;
				DEBUG_INFORMATION_FORMAT = "dwarf-with-dsym";
				ENABLE_NS_ASSERTIONS = NO;
				ENABLE_STRICT_OBJC_MSGSEND = YES;
				GCC_C_LANGUAGE_STANDARD = gnu11;
				GCC_NO_COMMON_BLOCKS = YES;
				GCC_WARN_64_TO_32_BIT_CONVERSION = YES;
				GCC_WARN_ABOUT_RETURN_TYPE = YES_ERROR;
				GCC_WARN_UNDECLARED_SELECTOR = YES;
				GCC_WARN_UNINITIALIZED_AUTOS = YES_AGGRESSIVE;
				GCC_WARN_UNUSED_FUNCTION = YES;
				GCC_WARN_UNUSED_VARIABLE = YES;
				IPHONEOS_DEPLOYMENT_TARGET = 12.1;
				MTL_ENABLE_DEBUG_INFO = NO;
				MTL_FAST_MATH = YES;
				SDKROOT = iphoneos;
				SWIFT_COMPILATION_MODE = wholemodule;
				SWIFT_OPTIMIZATION_LEVEL = "-O";
				VALIDATE_PRODUCT = YES;
			};
			name = Release;
		};
		8B807DFD2242B86E001C1A16 /* Debug */ = {
			isa = XCBuildConfiguration;
			buildSettings = {
				ASSETCATALOG_COMPILER_APPICON_NAME = AppIcon;
				CODE_SIGN_STYLE = Automatic;
				INFOPLIST_FILE = RedditTestApp/Info.plist;
				LD_RUNPATH_SEARCH_PATHS = (
					"$(inherited)",
					"@executable_path/Frameworks",
				);
				PRODUCT_BUNDLE_IDENTIFIER = DM.RedditTestApp;
				PRODUCT_NAME = "$(TARGET_NAME)";
				SWIFT_VERSION = 4.2;
				TARGETED_DEVICE_FAMILY = "1,2";
			};
			name = Debug;
		};
		8B807DFE2242B86E001C1A16 /* Release */ = {
			isa = XCBuildConfiguration;
			buildSettings = {
				ASSETCATALOG_COMPILER_APPICON_NAME = AppIcon;
				CODE_SIGN_STYLE = Automatic;
				INFOPLIST_FILE = RedditTestApp/Info.plist;
				LD_RUNPATH_SEARCH_PATHS = (
					"$(inherited)",
					"@executable_path/Frameworks",
				);
				PRODUCT_BUNDLE_IDENTIFIER = DM.RedditTestApp;
				PRODUCT_NAME = "$(TARGET_NAME)";
				SWIFT_VERSION = 4.2;
				TARGETED_DEVICE_FAMILY = "1,2";
			};
			name = Release;
		};
		8B807E002242B86E001C1A16 /* Debug */ = {
			isa = XCBuildConfiguration;
			buildSettings = {
				ALWAYS_EMBED_SWIFT_STANDARD_LIBRARIES = YES;
				BUNDLE_LOADER = "$(TEST_HOST)";
				CODE_SIGN_STYLE = Automatic;
				INFOPLIST_FILE = RedditTestAppTests/Info.plist;
				LD_RUNPATH_SEARCH_PATHS = (
					"$(inherited)",
					"@executable_path/Frameworks",
					"@loader_path/Frameworks",
				);
				PRODUCT_BUNDLE_IDENTIFIER = DM.RedditTestAppTests;
				PRODUCT_NAME = "$(TARGET_NAME)";
				SWIFT_VERSION = 4.2;
				TARGETED_DEVICE_FAMILY = "1,2";
				TEST_HOST = "$(BUILT_PRODUCTS_DIR)/RedditTestApp.app/RedditTestApp";
			};
			name = Debug;
		};
		8B807E012242B86E001C1A16 /* Release */ = {
			isa = XCBuildConfiguration;
			buildSettings = {
				ALWAYS_EMBED_SWIFT_STANDARD_LIBRARIES = YES;
				BUNDLE_LOADER = "$(TEST_HOST)";
				CODE_SIGN_STYLE = Automatic;
				INFOPLIST_FILE = RedditTestAppTests/Info.plist;
				LD_RUNPATH_SEARCH_PATHS = (
					"$(inherited)",
					"@executable_path/Frameworks",
					"@loader_path/Frameworks",
				);
				PRODUCT_BUNDLE_IDENTIFIER = DM.RedditTestAppTests;
				PRODUCT_NAME = "$(TARGET_NAME)";
				SWIFT_VERSION = 4.2;
				TARGETED_DEVICE_FAMILY = "1,2";
				TEST_HOST = "$(BUILT_PRODUCTS_DIR)/RedditTestApp.app/RedditTestApp";
			};
			name = Release;
		};
/* End XCBuildConfiguration section */

/* Begin XCConfigurationList section */
		8B807DD82242B86C001C1A16 /* Build configuration list for PBXProject "RedditTestApp" */ = {
			isa = XCConfigurationList;
			buildConfigurations = (
				8B807DFA2242B86E001C1A16 /* Debug */,
				8B807DFB2242B86E001C1A16 /* Release */,
			);
			defaultConfigurationIsVisible = 0;
			defaultConfigurationName = Release;
		};
		8B807DFC2242B86E001C1A16 /* Build configuration list for PBXNativeTarget "RedditTestApp" */ = {
			isa = XCConfigurationList;
			buildConfigurations = (
				8B807DFD2242B86E001C1A16 /* Debug */,
				8B807DFE2242B86E001C1A16 /* Release */,
			);
			defaultConfigurationIsVisible = 0;
			defaultConfigurationName = Release;
		};
		8B807DFF2242B86E001C1A16 /* Build configuration list for PBXNativeTarget "RedditTestAppTests" */ = {
			isa = XCConfigurationList;
			buildConfigurations = (
				8B807E002242B86E001C1A16 /* Debug */,
				8B807E012242B86E001C1A16 /* Release */,
			);
			defaultConfigurationIsVisible = 0;
			defaultConfigurationName = Release;
		};
/* End XCConfigurationList section */
	};
	rootObject = 8B807DD52242B86B001C1A16 /* Project object */;
}
